
Microsoft Visual Studio Solution File, Format Version 12.00
# Visual Studio Version 16
VisualStudioVersion = 17.0.31611.283
MinimumVisualStudioVersion = 10.0.40219.1
Project("{9A19103F-16F7-4668-BE54-9A1E7A4F7556}") = "Kittens", "Kittens\Kittens.csproj", "{0EFF3161-9469-49A9-8DA8-308264FB15A5}"
EndProject
Project("{FAE04EC0-301F-11D3-BF4B-00C04F79EFBC}") = "KittensLibrary", "KittensLibrary\KittensLibrary.csproj", "{88990D63-120F-4E8B-A92C-9BD5FD1E258D}"
EndProject
Project("{FAE04EC0-301F-11D3-BF4B-00C04F79EFBC}") = "Protocol", "Protocol\Protocol.csproj", "{8EE04F32-6A15-4CFC-8297-23B0064CDCCD}"
EndProject
Project("{FAE04EC0-301F-11D3-BF4B-00C04F79EFBC}") = "TCPServer", "TCPServer\TCPServer.csproj", "{879C7A1D-9BB2-48F0-8ACA-BB7EB62C7CF3}"
EndProject
Project("{FAE04EC0-301F-11D3-BF4B-00C04F79EFBC}") = "TCPClient", "TCPClient\TCPClient.csproj", "{5DE2FA3B-890A-434E-82BE-A31DC42BB035}"
EndProject
Global
	GlobalSection(SolutionConfigurationPlatforms) = preSolution
		Debug|Any CPU = Debug|Any CPU
		Release|Any CPU = Release|Any CPU
	EndGlobalSection
	GlobalSection(ProjectConfigurationPlatforms) = postSolution
		{0EFF3161-9469-49A9-8DA8-308264FB15A5}.Debug|Any CPU.ActiveCfg = Debug|Any CPU
		{0EFF3161-9469-49A9-8DA8-308264FB15A5}.Debug|Any CPU.Build.0 = Debug|Any CPU
		{0EFF3161-9469-49A9-8DA8-308264FB15A5}.Debug|Any CPU.Deploy.0 = Debug|Any CPU
		{0EFF3161-9469-49A9-8DA8-308264FB15A5}.Release|Any CPU.ActiveCfg = Release|Any CPU
		{0EFF3161-9469-49A9-8DA8-308264FB15A5}.Release|Any CPU.Build.0 = Release|Any CPU
		{0EFF3161-9469-49A9-8DA8-308264FB15A5}.Release|Any CPU.Deploy.0 = Release|Any CPU
		{88990D63-120F-4E8B-A92C-9BD5FD1E258D}.Debug|Any CPU.ActiveCfg = Debug|Any CPU
		{88990D63-120F-4E8B-A92C-9BD5FD1E258D}.Debug|Any CPU.Build.0 = Debug|Any CPU
		{88990D63-120F-4E8B-A92C-9BD5FD1E258D}.Release|Any CPU.ActiveCfg = Release|Any CPU
		{88990D63-120F-4E8B-A92C-9BD5FD1E258D}.Release|Any CPU.Build.0 = Release|Any CPU
		{4FE19CB6-61A0-4E6B-A04F-7567C8E0B725}.Debug|Any CPU.ActiveCfg = Debug|Any CPU
		{4FE19CB6-61A0-4E6B-A04F-7567C8E0B725}.Debug|Any CPU.Build.0 = Debug|Any CPU
		{4FE19CB6-61A0-4E6B-A04F-7567C8E0B725}.Release|Any CPU.ActiveCfg = Release|Any CPU
		{4FE19CB6-61A0-4E6B-A04F-7567C8E0B725}.Release|Any CPU.Build.0 = Release|Any CPU
		{8EE04F32-6A15-4CFC-8297-23B0064CDCCD}.Debug|Any CPU.ActiveCfg = Debug|Any CPU
		{8EE04F32-6A15-4CFC-8297-23B0064CDCCD}.Debug|Any CPU.Build.0 = Debug|Any CPU
		{8EE04F32-6A15-4CFC-8297-23B0064CDCCD}.Release|Any CPU.ActiveCfg = Release|Any CPU
		{8EE04F32-6A15-4CFC-8297-23B0064CDCCD}.Release|Any CPU.Build.0 = Release|Any CPU
		{879C7A1D-9BB2-48F0-8ACA-BB7EB62C7CF3}.Debug|Any CPU.ActiveCfg = Debug|Any CPU
		{879C7A1D-9BB2-48F0-8ACA-BB7EB62C7CF3}.Debug|Any CPU.Build.0 = Debug|Any CPU
		{879C7A1D-9BB2-48F0-8ACA-BB7EB62C7CF3}.Release|Any CPU.ActiveCfg = Release|Any CPU
		{879C7A1D-9BB2-48F0-8ACA-BB7EB62C7CF3}.Release|Any CPU.Build.0 = Release|Any CPU
		{5DE2FA3B-890A-434E-82BE-A31DC42BB035}.Debug|Any CPU.ActiveCfg = Debug|Any CPU
		{5DE2FA3B-890A-434E-82BE-A31DC42BB035}.Debug|Any CPU.Build.0 = Debug|Any CPU
		{5DE2FA3B-890A-434E-82BE-A31DC42BB035}.Release|Any CPU.ActiveCfg = Release|Any CPU
		{5DE2FA3B-890A-434E-82BE-A31DC42BB035}.Release|Any CPU.Build.0 = Release|Any CPU
	EndGlobalSection
	GlobalSection(SolutionProperties) = preSolution
		HideSolutionNode = FALSE
	EndGlobalSection
	GlobalSection(ExtensibilityGlobals) = postSolution
		SolutionGuid = {61F7FB11-1E47-470C-91E2-47F8143E1572}
	EndGlobalSection
EndGlobal
